
Microsoft Visual Studio Solution File, Format Version 12.00
# Visual Studio Version 17
VisualStudioVersion = 17.14.36623.8 d17.14
MinimumVisualStudioVersion = 10.0.40219.1
Project("{FAE04EC0-301F-11D3-BF4B-00C04F79EFBC}") = "WebAPIActors", "WebAPIActors\WebAPIActors.csproj", "{DC28C568-BCB5-422C-B4C2-BBEF9DC336D6}"
EndProject
Global
	GlobalSection(SolutionConfigurationPlatforms) = preSolution
		Debug|Any CPU = Debug|Any CPU
		Release|Any CPU = Release|Any CPU
	EndGlobalSection
	GlobalSection(ProjectConfigurationPlatforms) = postSolution
		{DC28C568-BCB5-422C-B4C2-BBEF9DC336D6}.Debug|Any CPU.ActiveCfg = Debug|Any CPU
		{DC28C568-BCB5-422C-B4C2-BBEF9DC336D6}.Debug|Any CPU.Build.0 = Debug|Any CPU
		{DC28C568-BCB5-422C-B4C2-BBEF9DC336D6}.Release|Any CPU.ActiveCfg = Release|Any CPU
		{DC28C568-BCB5-422C-B4C2-BBEF9DC336D6}.Release|Any CPU.Build.0 = Release|Any CPU
	EndGlobalSection
	GlobalSection(SolutionProperties) = preSolution
		HideSolutionNode = FALSE
	EndGlobalSection
	GlobalSection(ExtensibilityGlobals) = postSolution
		SolutionGuid = {62243B05-C281-46C5-9917-C5D109486F54}
	EndGlobalSection
EndGlobal
